
Microsoft Visual Studio Solution File, Format Version 12.00
# Visual Studio 2012
Project("{8BC9CEB8-8B4A-11D0-8D11-00A0C91BC942}") = "井字游戏", "井字游戏\井字游戏.vcxproj", "{865C702C-DF00-4740-8F8D-856AF4DCFF7B}"
EndProject
Global
	GlobalSection(SolutionConfigurationPlatforms) = preSolution
		Debug|Win32 = Debug|Win32
		Release|Win32 = Release|Win32
	EndGlobalSection
	GlobalSection(ProjectConfigurationPlatforms) = postSolution
		{865C702C-DF00-4740-8F8D-856AF4DCFF7B}.Debug|Win32.ActiveCfg = Debug|Win32
		{865C702C-DF00-4740-8F8D-856AF4DCFF7B}.Debug|Win32.Build.0 = Debug|Win32
		{865C702C-DF00-4740-8F8D-856AF4DCFF7B}.Release|Win32.ActiveCfg = Release|Win32
		{865C702C-DF00-4740-8F8D-856AF4DCFF7B}.Release|Win32.Build.0 = Release|Win32
	EndGlobalSection
	GlobalSection(SolutionProperties) = preSolution
		HideSolutionNode = FALSE
	EndGlobalSection
EndGlobal
